
Microsoft Visual Studio Solution File, Format Version 12.00
# Visual Studio Version 16
VisualStudioVersion = 16.0.31515.178
MinimumVisualStudioVersion = 10.0.40219.1
Project("{9A19103F-16F7-4668-BE54-9A1E7A4F7556}") = "CalculatorTests", "CalculatorTests\CalculatorTests.csproj", "{3E294D8D-981C-4340-8A2D-3506F97C694B}"
EndProject
Project("{9A19103F-16F7-4668-BE54-9A1E7A4F7556}") = "Callculator", "Callculator\Callculator.csproj", "{5DA77F22-7E79-4C8C-8F0A-E01ECBFCD30D}"
EndProject
Global
	GlobalSection(SolutionConfigurationPlatforms) = preSolution
		Debug|Any CPU = Debug|Any CPU
		Release|Any CPU = Release|Any CPU
	EndGlobalSection
	GlobalSection(ProjectConfigurationPlatforms) = postSolution
		{3E294D8D-981C-4340-8A2D-3506F97C694B}.Debug|Any CPU.ActiveCfg = Debug|Any CPU
		{3E294D8D-981C-4340-8A2D-3506F97C694B}.Debug|Any CPU.Build.0 = Debug|Any CPU
		{3E294D8D-981C-4340-8A2D-3506F97C694B}.Release|Any CPU.ActiveCfg = Release|Any CPU
		{3E294D8D-981C-4340-8A2D-3506F97C694B}.Release|Any CPU.Build.0 = Release|Any CPU
		{5DA77F22-7E79-4C8C-8F0A-E01ECBFCD30D}.Debug|Any CPU.ActiveCfg = Debug|Any CPU
		{5DA77F22-7E79-4C8C-8F0A-E01ECBFCD30D}.Debug|Any CPU.Build.0 = Debug|Any CPU
		{5DA77F22-7E79-4C8C-8F0A-E01ECBFCD30D}.Release|Any CPU.ActiveCfg = Release|Any CPU
		{5DA77F22-7E79-4C8C-8F0A-E01ECBFCD30D}.Release|Any CPU.Build.0 = Release|Any CPU
	EndGlobalSection
	GlobalSection(SolutionProperties) = preSolution
		HideSolutionNode = FALSE
	EndGlobalSection
	GlobalSection(ExtensibilityGlobals) = postSolution
		SolutionGuid = {2C762D0E-4485-4660-9414-9328C5361AD1}
	EndGlobalSection
EndGlobal
