
Microsoft Visual Studio Solution File, Format Version 12.00
# Visual Studio Version 16
VisualStudioVersion = 16.0.808.8
MinimumVisualStudioVersion = 10.0.40219.1
Project("{FAE04EC0-301F-11D3-BF4B-00C04F79EFBC}") = "Calculator.Tests", "Calculator.Tests\Calculator.Tests.csproj", "{2783E75D-511B-4520-810E-9DEA5A1CAF43}"
EndProject
Global
	GlobalSection(SolutionConfigurationPlatforms) = preSolution
		Debug|Any CPU = Debug|Any CPU
		Release|Any CPU = Release|Any CPU
	EndGlobalSection
	GlobalSection(ProjectConfigurationPlatforms) = postSolution
		{2783E75D-511B-4520-810E-9DEA5A1CAF43}.Debug|Any CPU.ActiveCfg = Debug|Any CPU
		{2783E75D-511B-4520-810E-9DEA5A1CAF43}.Debug|Any CPU.Build.0 = Debug|Any CPU
		{2783E75D-511B-4520-810E-9DEA5A1CAF43}.Release|Any CPU.ActiveCfg = Release|Any CPU
		{2783E75D-511B-4520-810E-9DEA5A1CAF43}.Release|Any CPU.Build.0 = Release|Any CPU
	EndGlobalSection
	GlobalSection(SolutionProperties) = preSolution
		HideSolutionNode = FALSE
	EndGlobalSection
	GlobalSection(ExtensibilityGlobals) = postSolution
		SolutionGuid = {89103FC3-4988-45C3-AAE4-77E6778ECC0B}
	EndGlobalSection
EndGlobal
