
Microsoft Visual Studio Solution File, Format Version 12.00
# Visual Studio Version 17
VisualStudioVersion = 17.1.32319.34
MinimumVisualStudioVersion = 10.0.40219.1
Project("{FAE04EC0-301F-11D3-BF4B-00C04F79EFBC}") = "AutWebTest", "AutWebTest\AutWebTest.csproj", "{822A331B-73DB-49B7-A9CD-41C41C84049F}"
EndProject
Global
	GlobalSection(SolutionConfigurationPlatforms) = preSolution
		Debug|Any CPU = Debug|Any CPU
		Release|Any CPU = Release|Any CPU
	EndGlobalSection
	GlobalSection(ProjectConfigurationPlatforms) = postSolution
		{822A331B-73DB-49B7-A9CD-41C41C84049F}.Debug|Any CPU.ActiveCfg = Debug|Any CPU
		{822A331B-73DB-49B7-A9CD-41C41C84049F}.Debug|Any CPU.Build.0 = Debug|Any CPU
		{822A331B-73DB-49B7-A9CD-41C41C84049F}.Release|Any CPU.ActiveCfg = Release|Any CPU
		{822A331B-73DB-49B7-A9CD-41C41C84049F}.Release|Any CPU.Build.0 = Release|Any CPU
	EndGlobalSection
	GlobalSection(SolutionProperties) = preSolution
		HideSolutionNode = FALSE
	EndGlobalSection
	GlobalSection(ExtensibilityGlobals) = postSolution
		SolutionGuid = {DFA2938C-BC09-40B0-B72C-DE1F9BAF254B}
	EndGlobalSection
EndGlobal
